// !$*UTF8*$!
{
	archiveVersion = 1;
	classes = {
	};
	objectVersion = 50;
	objects = {

/* Begin PBXBuildFile section */
		6BEA2BD325DDBA320096FC12 /* DesignIOS14App.swift in Sources */ = {isa = PBXBuildFile; fileRef = 6BEA2BC025DDBA2F0096FC12 /* DesignIOS14App.swift */; };
		6BEA2BD425DDBA320096FC12 /* DesignIOS14App.swift in Sources */ = {isa = PBXBuildFile; fileRef = 6BEA2BC025DDBA2F0096FC12 /* DesignIOS14App.swift */; };
		6BEA2BD525DDBA320096FC12 /* ContentView.swift in Sources */ = {isa = PBXBuildFile; fileRef = 6BEA2BC125DDBA2F0096FC12 /* ContentView.swift */; };
		6BEA2BD625DDBA320096FC12 /* ContentView.swift in Sources */ = {isa = PBXBuildFile; fileRef = 6BEA2BC125DDBA2F0096FC12 /* ContentView.swift */; };
		6BEA2BD725DDBA320096FC12 /* Assets.xcassets in Resources */ = {isa = PBXBuildFile; fileRef = 6BEA2BC225DDBA320096FC12 /* Assets.xcassets */; };
		6BEA2BD825DDBA320096FC12 /* Assets.xcassets in Resources */ = {isa = PBXBuildFile; fileRef = 6BEA2BC225DDBA320096FC12 /* Assets.xcassets */; };
/* End PBXBuildFile section */

/* Begin PBXFileReference section */
		6BEA2BC025DDBA2F0096FC12 /* DesignIOS14App.swift */ = {isa = PBXFileReference; lastKnownFileType = sourcecode.swift; path = DesignIOS14App.swift; sourceTree = "<group>"; };
		6BEA2BC125DDBA2F0096FC12 /* ContentView.swift */ = {isa = PBXFileReference; lastKnownFileType = sourcecode.swift; path = ContentView.swift; sourceTree = "<group>"; };
		6BEA2BC225DDBA320096FC12 /* Assets.xcassets */ = {isa = PBXFileReference; lastKnownFileType = folder.assetcatalog; path = Assets.xcassets; sourceTree = "<group>"; };
		6BEA2BC725DDBA320096FC12 /* DesignIOS14.app */ = {isa = PBXFileReference; explicitFileType = wrapper.application; includeInIndex = 0; path = DesignIOS14.app; sourceTree = BUILT_PRODUCTS_DIR; };
		6BEA2BCA25DDBA320096FC12 /* Info.plist */ = {isa = PBXFileReference; lastKnownFileType = text.plist.xml; path = Info.plist; sourceTree = "<group>"; };
		6BEA2BCF25DDBA320096FC12 /* DesignIOS14.app */ = {isa = PBXFileReference; explicitFileType = wrapper.application; includeInIndex = 0; path = DesignIOS14.app; sourceTree = BUILT_PRODUCTS_DIR; };
		6BEA2BD125DDBA320096FC12 /* Info.plist */ = {isa = PBXFileReference; lastKnownFileType = text.plist.xml; path = Info.plist; sourceTree = "<group>"; };
		6BEA2BD225DDBA320096FC12 /* macOS.entitlements */ = {isa = PBXFileReference; lastKnownFileType = text.plist.entitlements; path = macOS.entitlements; sourceTree = "<group>"; };
/* End PBXFileReference section */

/* Begin PBXFrameworksBuildPhase section */
		6BEA2BC425DDBA320096FC12 /* Frameworks */ = {
			isa = PBXFrameworksBuildPhase;
			buildActionMask = 2147483647;
			files = (
			);
			runOnlyForDeploymentPostprocessing = 0;
		};
		6BEA2BCC25DDBA320096FC12 /* Frameworks */ = {
			isa = PBXFrameworksBuildPhase;
			buildActionMask = 2147483647;
			files = (
			);
			runOnlyForDeploymentPostprocessing = 0;
		};
/* End PBXFrameworksBuildPhase section */

/* Begin PBXGroup section */
		6BEA2BBA25DDBA2F0096FC12 = {
			isa = PBXGroup;
			children = (
				6BEA2BBF25DDBA2F0096FC12 /* Shared */,
				6BEA2BC925DDBA320096FC12 /* iOS */,
				6BEA2BD025DDBA320096FC12 /* macOS */,
				6BEA2BC825DDBA320096FC12 /* Products */,
			);
			sourceTree = "<group>";
		};
		6BEA2BBF25DDBA2F0096FC12 /* Shared */ = {
			isa = PBXGroup;
			children = (
				6BEA2BC025DDBA2F0096FC12 /* DesignIOS14App.swift */,
				6BEA2BC125DDBA2F0096FC12 /* ContentView.swift */,
				6BEA2BC225DDBA320096FC12 /* Assets.xcassets */,
			);
			path = Shared;
			sourceTree = "<group>";
		};
		6BEA2BC825DDBA320096FC12 /* Products */ = {
			isa = PBXGroup;
			children = (
				6BEA2BC725DDBA320096FC12 /* DesignIOS14.app */,
				6BEA2BCF25DDBA320096FC12 /* DesignIOS14.app */,
			);
			name = Products;
			sourceTree = "<group>";
		};
		6BEA2BC925DDBA320096FC12 /* iOS */ = {
			isa = PBXGroup;
			children = (
				6BEA2BCA25DDBA320096FC12 /* Info.plist */,
			);
			path = iOS;
			sourceTree = "<group>";
		};
		6BEA2BD025DDBA320096FC12 /* macOS */ = {
			isa = PBXGroup;
			children = (
				6BEA2BD125DDBA320096FC12 /* Info.plist */,
				6BEA2BD225DDBA320096FC12 /* macOS.entitlements */,
			);
			path = macOS;
			sourceTree = "<group>";
		};
/* End PBXGroup section */

/* Begin PBXNativeTarget section */
		6BEA2BC625DDBA320096FC12 /* DesignIOS14 (iOS) */ = {
			isa = PBXNativeTarget;
			buildConfigurationList = 6BEA2BDB25DDBA320096FC12 /* Build configuration list for PBXNativeTarget "DesignIOS14 (iOS)" */;
			buildPhases = (
				6BEA2BC325DDBA320096FC12 /* Sources */,
				6BEA2BC425DDBA320096FC12 /* Frameworks */,
				6BEA2BC525DDBA320096FC12 /* Resources */,
			);
			buildRules = (
			);
			dependencies = (
			);
			name = "DesignIOS14 (iOS)";
			productName = "DesignIOS14 (iOS)";
			productReference = 6BEA2BC725DDBA320096FC12 /* DesignIOS14.app */;
			productType = "com.apple.product-type.application";
		};
		6BEA2BCE25DDBA320096FC12 /* DesignIOS14 (macOS) */ = {
			isa = PBXNativeTarget;
			buildConfigurationList = 6BEA2BDE25DDBA320096FC12 /* Build configuration list for PBXNativeTarget "DesignIOS14 (macOS)" */;
			buildPhases = (
				6BEA2BCB25DDBA320096FC12 /* Sources */,
				6BEA2BCC25DDBA320096FC12 /* Frameworks */,
				6BEA2BCD25DDBA320096FC12 /* Resources */,
			);
			buildRules = (
			);
			dependencies = (
			);
			name = "DesignIOS14 (macOS)";
			productName = "DesignIOS14 (macOS)";
			productReference = 6BEA2BCF25DDBA320096FC12 /* DesignIOS14.app */;
			productType = "com.apple.product-type.application";
		};
/* End PBXNativeTarget section */

/* Begin PBXProject section */
		6BEA2BBB25DDBA2F0096FC12 /* Project object */ = {
			isa = PBXProject;
			attributes = {
				LastSwiftUpdateCheck = 1220;
				LastUpgradeCheck = 1220;
				TargetAttributes = {
					6BEA2BC625DDBA320096FC12 = {
						CreatedOnToolsVersion = 12.2;
					};
					6BEA2BCE25DDBA320096FC12 = {
						CreatedOnToolsVersion = 12.2;
					};
				};
			};
			buildConfigurationList = 6BEA2BBE25DDBA2F0096FC12 /* Build configuration list for PBXProject "DesignIOS14" */;
			compatibilityVersion = "Xcode 9.3";
			developmentRegion = en;
			hasScannedForEncodings = 0;
			knownRegions = (
				en,
				Base,
			);
			mainGroup = 6BEA2BBA25DDBA2F0096FC12;
			productRefGroup = 6BEA2BC825DDBA320096FC12 /* Products */;
			projectDirPath = "";
			projectRoot = "";
			targets = (
				6BEA2BC625DDBA320096FC12 /* DesignIOS14 (iOS) */,
				6BEA2BCE25DDBA320096FC12 /* DesignIOS14 (macOS) */,
			);
		};
/* End PBXProject section */

/* Begin PBXResourcesBuildPhase section */
		6BEA2BC525DDBA320096FC12 /* Resources */ = {
			isa = PBXResourcesBuildPhase;
			buildActionMask = 2147483647;
			files = (
				6BEA2BD725DDBA320096FC12 /* Assets.xcassets in Resources */,
			);
			runOnlyForDeploymentPostprocessing = 0;
		};
		6BEA2BCD25DDBA320096FC12 /* Resources */ = {
			isa = PBXResourcesBuildPhase;
			buildActionMask = 2147483647;
			files = (
				6BEA2BD825DDBA320096FC12 /* Assets.xcassets in Resources */,
			);
			runOnlyForDeploymentPostprocessing = 0;
		};
/* End PBXResourcesBuildPhase section */

/* Begin PBXSourcesBuildPhase section */
		6BEA2BC325DDBA320096FC12 /* Sources */ = {
			isa = PBXSourcesBuildPhase;
			buildActionMask = 2147483647;
			files = (
				6BEA2BD525DDBA320096FC12 /* ContentView.swift in Sources */,
				6BEA2BD325DDBA320096FC12 /* DesignIOS14App.swift in Sources */,
			);
			runOnlyForDeploymentPostprocessing = 0;
		};
		6BEA2BCB25DDBA320096FC12 /* Sources */ = {
			isa = PBXSourcesBuildPhase;
			buildActionMask = 2147483647;
			files = (
				6BEA2BD625DDBA320096FC12 /* ContentView.swift in Sources */,
				6BEA2BD425DDBA320096FC12 /* DesignIOS14App.swift in Sources */,
			);
			runOnlyForDeploymentPostprocessing = 0;
		};
/* End PBXSourcesBuildPhase section */

/* Begin XCBuildConfiguration section */
		6BEA2BD925DDBA320096FC12 /* Debug */ = {
			isa = XCBuildConfiguration;
			buildSettings = {
				ALWAYS_SEARCH_USER_PATHS = NO;
				CLANG_ANALYZER_NONNULL = YES;
				CLANG_ANALYZER_NUMBER_OBJECT_CONVERSION = YES_AGGRESSIVE;
				CLANG_CXX_LANGUAGE_STANDARD = "gnu++14";
				CLANG_CXX_LIBRARY = "libc++";
				CLANG_ENABLE_MODULES = YES;
				CLANG_ENABLE_OBJC_ARC = YES;
				CLANG_ENABLE_OBJC_WEAK = YES;
				CLANG_WARN_BLOCK_CAPTURE_AUTORELEASING = YES;
				CLANG_WARN_BOOL_CONVERSION = YES;
				CLANG_WARN_COMMA = YES;
				CLANG_WARN_CONSTANT_CONVERSION = YES;
				CLANG_WARN_DEPRECATED_OBJC_IMPLEMENTATIONS = YES;
				CLANG_WARN_DIRECT_OBJC_ISA_USAGE = YES_ERROR;
				CLANG_WARN_DOCUMENTATION_COMMENTS = YES;
				CLANG_WARN_EMPTY_BODY = YES;
				CLANG_WARN_ENUM_CONVERSION = YES;
				CLANG_WARN_INFINITE_RECURSION = YES;
				CLANG_WARN_INT_CONVERSION = YES;
				CLANG_WARN_NON_LITERAL_NULL_CONVERSION = YES;
				CLANG_WARN_OBJC_IMPLICIT_RETAIN_SELF = YES;
				CLANG_WARN_OBJC_LITERAL_CONVERSION = YES;
				CLANG_WARN_OBJC_ROOT_CLASS = YES_ERROR;
				CLANG_WARN_QUOTED_INCLUDE_IN_FRAMEWORK_HEADER = YES;
				CLANG_WARN_RANGE_LOOP_ANALYSIS = YES;
				CLANG_WARN_STRICT_PROTOTYPES = YES;
				CLANG_WARN_SUSPICIOUS_MOVE = YES;
				CLANG_WARN_UNGUARDED_AVAILABILITY = YES_AGGRESSIVE;
				CLANG_WARN_UNREACHABLE_CODE = YES;
				CLANG_WARN__DUPLICATE_METHOD_MATCH = YES;
				COPY_PHASE_STRIP = NO;
				DEBUG_INFORMATION_FORMAT = dwarf;
				ENABLE_STRICT_OBJC_MSGSEND = YES;
				ENABLE_TESTABILITY = YES;
				GCC_C_LANGUAGE_STANDARD = gnu11;
				GCC_DYNAMIC_NO_PIC = NO;
				GCC_NO_COMMON_BLOCKS = YES;
				GCC_OPTIMIZATION_LEVEL = 0;
				GCC_PREPROCESSOR_DEFINITIONS = (
					"DEBUG=1",
					"$(inherited)",
				);
				GCC_WARN_64_TO_32_BIT_CONVERSION = YES;
				GCC_WARN_ABOUT_RETURN_TYPE = YES_ERROR;
				GCC_WARN_UNDECLARED_SELECTOR = YES;
				GCC_WARN_UNINITIALIZED_AUTOS = YES_AGGRESSIVE;
				GCC_WARN_UNUSED_FUNCTION = YES;
				GCC_WARN_UNUSED_VARIABLE = YES;
				MTL_ENABLE_DEBUG_INFO = INCLUDE_SOURCE;
				MTL_FAST_MATH = YES;
				ONLY_ACTIVE_ARCH = YES;
				SWIFT_ACTIVE_COMPILATION_CONDITIONS = DEBUG;
				SWIFT_OPTIMIZATION_LEVEL = "-Onone";
			};
			name = Debug;
		};
		6BEA2BDA25DDBA320096FC12 /* Release */ = {
			isa = XCBuildConfiguration;
			buildSettings = {
				ALWAYS_SEARCH_USER_PATHS = NO;
				CLANG_ANALYZER_NONNULL = YES;
				CLANG_ANALYZER_NUMBER_OBJECT_CONVERSION = YES_AGGRESSIVE;
				CLANG_CXX_LANGUAGE_STANDARD = "gnu++14";
				CLANG_CXX_LIBRARY = "libc++";
				CLANG_ENABLE_MODULES = YES;
				CLANG_ENABLE_OBJC_ARC = YES;
				CLANG_ENABLE_OBJC_WEAK = YES;
				CLANG_WARN_BLOCK_CAPTURE_AUTORELEASING = YES;
				CLANG_WARN_BOOL_CONVERSION = YES;
				CLANG_WARN_COMMA = YES;
				CLANG_WARN_CONSTANT_CONVERSION = YES;
				CLANG_WARN_DEPRECATED_OBJC_IMPLEMENTATIONS = YES;
				CLANG_WARN_DIRECT_OBJC_ISA_USAGE = YES_ERROR;
				CLANG_WARN_DOCUMENTATION_COMMENTS = YES;
				CLANG_WARN_EMPTY_BODY = YES;
				CLANG_WARN_ENUM_CONVERSION = YES;
				CLANG_WARN_INFINITE_RECURSION = YES;
				CLANG_WARN_INT_CONVERSION = YES;
				CLANG_WARN_NON_LITERAL_NULL_CONVERSION = YES;
				CLANG_WARN_OBJC_IMPLICIT_RETAIN_SELF = YES;
				CLANG_WARN_OBJC_LITERAL_CONVERSION = YES;
				CLANG_WARN_OBJC_ROOT_CLASS = YES_ERROR;
				CLANG_WARN_QUOTED_INCLUDE_IN_FRAMEWORK_HEADER = YES;
				CLANG_WARN_RANGE_LOOP_ANALYSIS = YES;
				CLANG_WARN_STRICT_PROTOTYPES = YES;
				CLANG_WARN_SUSPICIOUS_MOVE = YES;
				CLANG_WARN_UNGUARDED_AVAILABILITY = YES_AGGRESSIVE;
				CLANG_WARN_UNREACHABLE_CODE = YES;
				CLANG_WARN__DUPLICATE_METHOD_MATCH = YES;
				COPY_PHASE_STRIP = NO;
				DEBUG_INFORMATION_FORMAT = "dwarf-with-dsym";
				ENABLE_NS_ASSERTIONS = NO;
				ENABLE_STRICT_OBJC_MSGSEND = YES;
				GCC_C_LANGUAGE_STANDARD = gnu11;
				GCC_NO_COMMON_BLOCKS = YES;
				GCC_WARN_64_TO_32_BIT_CONVERSION = YES;
				GCC_WARN_ABOUT_RETURN_TYPE = YES_ERROR;
				GCC_WARN_UNDECLARED_SELECTOR = YES;
				GCC_WARN_UNINITIALIZED_AUTOS = YES_AGGRESSIVE;
				GCC_WARN_UNUSED_FUNCTION = YES;
				GCC_WARN_UNUSED_VARIABLE = YES;
				MTL_ENABLE_DEBUG_INFO = NO;
				MTL_FAST_MATH = YES;
				SWIFT_COMPILATION_MODE = wholemodule;
				SWIFT_OPTIMIZATION_LEVEL = "-O";
			};
			name = Release;
		};
		6BEA2BDC25DDBA320096FC12 /* Debug */ = {
			isa = XCBuildConfiguration;
			buildSettings = {
				ASSETCATALOG_COMPILER_APPICON_NAME = AppIcon;
				ASSETCATALOG_COMPILER_GLOBAL_ACCENT_COLOR_NAME = AccentColor;
				CODE_SIGN_STYLE = Automatic;
				DEVELOPMENT_TEAM = D47C2NZJN5;
				ENABLE_PREVIEWS = YES;
				INFOPLIST_FILE = iOS/Info.plist;
				IPHONEOS_DEPLOYMENT_TARGET = 14.0;
				LD_RUNPATH_SEARCH_PATHS = (
					"$(inherited)",
					"@executable_path/Frameworks",
				);
				PRODUCT_BUNDLE_IDENTIFIER = Matthew.Garlington.DesignIOS14;
				PRODUCT_NAME = DesignIOS14;
				SDKROOT = iphoneos;
				SWIFT_VERSION = 5.0;
				TARGETED_DEVICE_FAMILY = "1,2";
			};
			name = Debug;
		};
		6BEA2BDD25DDBA320096FC12 /* Release */ = {
			isa = XCBuildConfiguration;
			buildSettings = {
				ASSETCATALOG_COMPILER_APPICON_NAME = AppIcon;
				ASSETCATALOG_COMPILER_GLOBAL_ACCENT_COLOR_NAME = AccentColor;
				CODE_SIGN_STYLE = Automatic;
				DEVELOPMENT_TEAM = D47C2NZJN5;
				ENABLE_PREVIEWS = YES;
				INFOPLIST_FILE = iOS/Info.plist;
				IPHONEOS_DEPLOYMENT_TARGET = 14.0;
				LD_RUNPATH_SEARCH_PATHS = (
					"$(inherited)",
					"@executable_path/Frameworks",
				);
				PRODUCT_BUNDLE_IDENTIFIER = Matthew.Garlington.DesignIOS14;
				PRODUCT_NAME = DesignIOS14;
				SDKROOT = iphoneos;
				SWIFT_VERSION = 5.0;
				TARGETED_DEVICE_FAMILY = "1,2";
				VALIDATE_PRODUCT = YES;
			};
			name = Release;
		};
		6BEA2BDF25DDBA320096FC12 /* Debug */ = {
			isa = XCBuildConfiguration;
			buildSettings = {
				ASSETCATALOG_COMPILER_APPICON_NAME = AppIcon;
				ASSETCATALOG_COMPILER_GLOBAL_ACCENT_COLOR_NAME = AccentColor;
				CODE_SIGN_ENTITLEMENTS = macOS/macOS.entitlements;
				CODE_SIGN_STYLE = Automatic;
				COMBINE_HIDPI_IMAGES = YES;
				DEVELOPMENT_TEAM = D47C2NZJN5;
				ENABLE_HARDENED_RUNTIME = YES;
				ENABLE_PREVIEWS = YES;
				INFOPLIST_FILE = macOS/Info.plist;
				LD_RUNPATH_SEARCH_PATHS = (
					"$(inherited)",
					"@executable_path/../Frameworks",
				);
				MACOSX_DEPLOYMENT_TARGET = 11.0;
				PRODUCT_BUNDLE_IDENTIFIER = Matthew.Garlington.DesignIOS14;
				PRODUCT_NAME = DesignIOS14;
				SDKROOT = macosx;
				SWIFT_VERSION = 5.0;
			};
			name = Debug;
		};
		6BEA2BE025DDBA320096FC12 /* Release */ = {
			isa = XCBuildConfiguration;
			buildSettings = {
				ASSETCATALOG_COMPILER_APPICON_NAME = AppIcon;
				ASSETCATALOG_COMPILER_GLOBAL_ACCENT_COLOR_NAME = AccentColor;
				CODE_SIGN_ENTITLEMENTS = macOS/macOS.entitlements;
				CODE_SIGN_STYLE = Automatic;
				COMBINE_HIDPI_IMAGES = YES;
				DEVELOPMENT_TEAM = D47C2NZJN5;
				ENABLE_HARDENED_RUNTIME = YES;
				ENABLE_PREVIEWS = YES;
				INFOPLIST_FILE = macOS/Info.plist;
				LD_RUNPATH_SEARCH_PATHS = (
					"$(inherited)",
					"@executable_path/../Frameworks",
				);
				MACOSX_DEPLOYMENT_TARGET = 11.0;
				PRODUCT_BUNDLE_IDENTIFIER = Matthew.Garlington.DesignIOS14;
				PRODUCT_NAME = DesignIOS14;
				SDKROOT = macosx;
				SWIFT_VERSION = 5.0;
			};
			name = Release;
		};
/* End XCBuildConfiguration section */

/* Begin XCConfigurationList section */
		6BEA2BBE25DDBA2F0096FC12 /* Build configuration list for PBXProject "DesignIOS14" */ = {
			isa = XCConfigurationList;
			buildConfigurations = (
				6BEA2BD925DDBA320096FC12 /* Debug */,
				6BEA2BDA25DDBA320096FC12 /* Release */,
			);
			defaultConfigurationIsVisible = 0;
			defaultConfigurationName = Release;
		};
		6BEA2BDB25DDBA320096FC12 /* Build configuration list for PBXNativeTarget "DesignIOS14 (iOS)" */ = {
			isa = XCConfigurationList;
			buildConfigurations = (
				6BEA2BDC25DDBA320096FC12 /* Debug */,
				6BEA2BDD25DDBA320096FC12 /* Release */,
			);
			defaultConfigurationIsVisible = 0;
			defaultConfigurationName = Release;
		};
		6BEA2BDE25DDBA320096FC12 /* Build configuration list for PBXNativeTarget "DesignIOS14 (macOS)" */ = {
			isa = XCConfigurationList;
			buildConfigurations = (
				6BEA2BDF25DDBA320096FC12 /* Debug */,
				6BEA2BE025DDBA320096FC12 /* Release */,
			);
			defaultConfigurationIsVisible = 0;
			defaultConfigurationName = Release;
		};
/* End XCConfigurationList section */
	};
	rootObject = 6BEA2BBB25DDBA2F0096FC12 /* Project object */;
}
